
Microsoft Visual Studio Solution File, Format Version 12.00
# Visual Studio Version 17
VisualStudioVersion = 17.14.36121.58 d17.14
MinimumVisualStudioVersion = 10.0.40219.1
Project("{FAE04EC0-301F-11D3-BF4B-00C04F79EFBC}") = "SwimmingAcademy.API", "SwimmingAcademy.API\SwimmingAcademy.API.csproj", "{64ED93A0-ACAC-465C-BB71-A903C32E98EE}"
EndProject
Global
	GlobalSection(SolutionConfigurationPlatforms) = preSolution
		Debug|Any CPU = Debug|Any CPU
		Release|Any CPU = Release|Any CPU
	EndGlobalSection
	GlobalSection(ProjectConfigurationPlatforms) = postSolution
		{64ED93A0-ACAC-465C-BB71-A903C32E98EE}.Debug|Any CPU.ActiveCfg = Debug|Any CPU
		{64ED93A0-ACAC-465C-BB71-A903C32E98EE}.Debug|Any CPU.Build.0 = Debug|Any CPU
		{64ED93A0-ACAC-465C-BB71-A903C32E98EE}.Release|Any CPU.ActiveCfg = Release|Any CPU
		{64ED93A0-ACAC-465C-BB71-A903C32E98EE}.Release|Any CPU.Build.0 = Release|Any CPU
	EndGlobalSection
	GlobalSection(SolutionProperties) = preSolution
		HideSolutionNode = FALSE
	EndGlobalSection
	GlobalSection(ExtensibilityGlobals) = postSolution
		SolutionGuid = {1529302F-7B80-4FD1-8103-4BA6037D6376}
	EndGlobalSection
EndGlobal
